hash: 2258227a2480f0e8ab52833c542abaab3009882c4a9e5c78061cd1692830e015
updated: 2016-09-30T01:13:29.594421911+09:00
imports:
- name: github.com/dgrijalva/jwt-go
  version: 24c63f56522a87ec5339cc3567883f1039378fdb
- name: github.com/go-sql-driver/mysql
  version: 0b58b37b664c21f3010e836f1b931e1d0b0b0685
- name: github.com/gocraft/dbr
  version: 2f5790f739c41bfaae11cb14738a07ac85491193
  subpackages:
  - dialect
- name: github.com/klauspost/compress
  version: d0763f13d86e630f5d3ea9fa848a6ecc68255297
  subpackages:
  - flate
  - gzip
  - zlib
- name: github.com/klauspost/cpuid
  version: 09cded8978dc9e80714c4d85b0322337b0a1e5e0
- name: github.com/klauspost/crc32
  version: 19b0b332c9e4516a6370a0456e6182c3b5036720
- name: github.com/labstack/echo
  version: 9c0e9d689f87624ad01748b1a963d356afbfdceb
  subpackages:
  - engine/standard
  - middleware
  - engine
  - log
  - context
- name: github.com/labstack/gommon
  version: f3b1a1b3bd4726161e1200863d278df7da5e66ff
  subpackages:
  - log
  - bytes
  - color
  - random
- name: github.com/mattn/go-colorable
  version: 5da554b8d30ea210af19ee14a058919661bf0d04
- name: github.com/mattn/go-isatty
  version: 66b8e73f3f5cda9f96b69efd03dd3d7fc4a5cdb8
- name: github.com/russross/blackfriday
  version: 35eb537633d9950afc8ae7bdf0edb6134584e9fc
- name: github.com/shurcooL/sanitized_anchor_name
  version: 1dba4b3954bc059efc3991ec364f9f9a35f597d2
- name: github.com/Sirupsen/logrus
  version: 3ec0642a7fb6488f65b06f9040adc67e3990296a
- name: github.com/valyala/bytebufferpool
  version: e746df99fe4a3986f4d4f79e13c1e0117ce9c2f7
- name: github.com/valyala/fasthttp
  version: b43280dfe8ade44056e0179593f8ab30f82a7f47
  subpackages:
  - fasthttputil
- name: github.com/valyala/fasttemplate
  version: 3b874956e03f1636d171bda64b130f9135f42cff
- name: golang.org/x/net
  version: 9f0e377a8a39bb99ff03459d77c135a0042878f0
  subpackages:
  - context
- name: golang.org/x/sys
  version: 8f0908ab3b2457e2e15403d3697c9ef5cb4b57a9
  subpackages:
  - unix
devImports: []
